
Microsoft Visual Studio Solution File, Format Version 12.00
# Visual Studio Version 17
VisualStudioVersion = 17.4.33403.182
MinimumVisualStudioVersion = 10.0.40219.1
Project("{9A19103F-16F7-4668-BE54-9A1E7A4F7556}") = "Runner", "Runner\Runner.csproj", "{70B27480-B37A-4036-AB75-F1032BB77959}"
EndProject
Project("{FAE04EC0-301F-11D3-BF4B-00C04F79EFBC}") = "Core", "Core\Core.csproj", "{D669D11F-A299-497C-AABA-67BB6603759A}"
EndProject
Global
	GlobalSection(SolutionConfigurationPlatforms) = preSolution
		Debug|Any CPU = Debug|Any CPU
		Release|Any CPU = Release|Any CPU
	EndGlobalSection
	GlobalSection(ProjectConfigurationPlatforms) = postSolution
		{70B27480-B37A-4036-AB75-F1032BB77959}.Debug|Any CPU.ActiveCfg = Debug|Any CPU
		{70B27480-B37A-4036-AB75-F1032BB77959}.Debug|Any CPU.Build.0 = Debug|Any CPU
		{70B27480-B37A-4036-AB75-F1032BB77959}.Release|Any CPU.ActiveCfg = Release|Any CPU
		{70B27480-B37A-4036-AB75-F1032BB77959}.Release|Any CPU.Build.0 = Release|Any CPU
		{D669D11F-A299-497C-AABA-67BB6603759A}.Debug|Any CPU.ActiveCfg = Debug|Any CPU
		{D669D11F-A299-497C-AABA-67BB6603759A}.Debug|Any CPU.Build.0 = Debug|Any CPU
		{D669D11F-A299-497C-AABA-67BB6603759A}.Release|Any CPU.ActiveCfg = Release|Any CPU
		{D669D11F-A299-497C-AABA-67BB6603759A}.Release|Any CPU.Build.0 = Release|Any CPU
	EndGlobalSection
	GlobalSection(SolutionProperties) = preSolution
		HideSolutionNode = FALSE
	EndGlobalSection
	GlobalSection(ExtensibilityGlobals) = postSolution
		SolutionGuid = {976AC8AD-88C5-42DE-A352-F4B989668B75}
	EndGlobalSection
EndGlobal
